// !$*UTF8*$!
{
	archiveVersion = 1;
	classes = {
	};
	objectVersion = 56;
	objects = {

/* Begin PBXBuildFile section */
		04E8C5FC29978BAC00B4001E /* AppDelegate.swift in Sources */ = {isa = PBXBuildFile; fileRef = 04E8C5FB29978BAC00B4001E /* AppDelegate.swift */; };
		04E8C5FE29978BAC00B4001E /* SceneDelegate.swift in Sources */ = {isa = PBXBuildFile; fileRef = 04E8C5FD29978BAC00B4001E /* SceneDelegate.swift */; };
		04E8C60029978BAC00B4001E /* ViewController.swift in Sources */ = {isa = PBXBuildFile; fileRef = 04E8C5FF29978BAC00B4001E /* ViewController.swift */; };
		04E8C60329978BAC00B4001E /* Main.storyboard in Resources */ = {isa = PBXBuildFile; fileRef = 04E8C60129978BAC00B4001E /* Main.storyboard */; };
		04E8C60529978BAD00B4001E /* Assets.xcassets in Resources */ = {isa = PBXBuildFile; fileRef = 04E8C60429978BAD00B4001E /* Assets.xcassets */; };
		04E8C60829978BAD00B4001E /* LaunchScreen.storyboard in Resources */ = {isa = PBXBuildFile; fileRef = 04E8C60629978BAD00B4001E /* LaunchScreen.storyboard */; };
		04E8C61129978C0200B4001E /* RxCocoa in Frameworks */ = {isa = PBXBuildFile; productRef = 04E8C61029978C0200B4001E /* RxCocoa */; };
		04E8C61329978C0200B4001E /* RxRelay in Frameworks */ = {isa = PBXBuildFile; productRef = 04E8C61229978C0200B4001E /* RxRelay */; };
		04E8C61529978C0200B4001E /* RxSwift in Frameworks */ = {isa = PBXBuildFile; productRef = 04E8C61429978C0200B4001E /* RxSwift */; };
		04E8C61829978D1C00B4001E /* Moya in Frameworks */ = {isa = PBXBuildFile; productRef = 04E8C61729978D1C00B4001E /* Moya */; };
		04E8C61A29978D1C00B4001E /* ReactiveMoya in Frameworks */ = {isa = PBXBuildFile; productRef = 04E8C61929978D1C00B4001E /* ReactiveMoya */; };
		04E8C61C29978D1C00B4001E /* RxMoya in Frameworks */ = {isa = PBXBuildFile; productRef = 04E8C61B29978D1C00B4001E /* RxMoya */; };
/* End PBXBuildFile section */

/* Begin PBXFileReference section */
		04E8C5F829978BAC00B4001E /* BostaTask.app */ = {isa = PBXFileReference; explicitFileType = wrapper.application; includeInIndex = 0; path = BostaTask.app; sourceTree = BUILT_PRODUCTS_DIR; };
		04E8C5FB29978BAC00B4001E /* AppDelegate.swift */ = {isa = PBXFileReference; lastKnownFileType = sourcecode.swift; path = AppDelegate.swift; sourceTree = "<group>"; };
		04E8C5FD29978BAC00B4001E /* SceneDelegate.swift */ = {isa = PBXFileReference; lastKnownFileType = sourcecode.swift; path = SceneDelegate.swift; sourceTree = "<group>"; };
		04E8C5FF29978BAC00B4001E /* ViewController.swift */ = {isa = PBXFileReference; lastKnownFileType = sourcecode.swift; path = ViewController.swift; sourceTree = "<group>"; };
		04E8C60229978BAC00B4001E /* Base */ = {isa = PBXFileReference; lastKnownFileType = file.storyboard; name = Base; path = Base.lproj/Main.storyboard; sourceTree = "<group>"; };
		04E8C60429978BAD00B4001E /* Assets.xcassets */ = {isa = PBXFileReference; lastKnownFileType = folder.assetcatalog; path = Assets.xcassets; sourceTree = "<group>"; };
		04E8C60729978BAD00B4001E /* Base */ = {isa = PBXFileReference; lastKnownFileType = file.storyboard; name = Base; path = Base.lproj/LaunchScreen.storyboard; sourceTree = "<group>"; };
		04E8C60929978BAD00B4001E /* Info.plist */ = {isa = PBXFileReference; lastKnownFileType = text.plist.xml; path = Info.plist; sourceTree = "<group>"; };
/* End PBXFileReference section */

/* Begin PBXFrameworksBuildPhase section */
		04E8C5F529978BAC00B4001E /* Frameworks */ = {
			isa = PBXFrameworksBuildPhase;
			buildActionMask = 2147483647;
			files = (
				04E8C61C29978D1C00B4001E /* RxMoya in Frameworks */,
				04E8C61529978C0200B4001E /* RxSwift in Frameworks */,
				04E8C61329978C0200B4001E /* RxRelay in Frameworks */,
				04E8C61829978D1C00B4001E /* Moya in Frameworks */,
				04E8C61A29978D1C00B4001E /* ReactiveMoya in Frameworks */,
				04E8C61129978C0200B4001E /* RxCocoa in Frameworks */,
			);
			runOnlyForDeploymentPostprocessing = 0;
		};
/* End PBXFrameworksBuildPhase section */

/* Begin PBXGroup section */
		04E8C5EF29978BAC00B4001E = {
			isa = PBXGroup;
			children = (
				04E8C5FA29978BAC00B4001E /* BostaTask */,
				04E8C5F929978BAC00B4001E /* Products */,
			);
			sourceTree = "<group>";
		};
		04E8C5F929978BAC00B4001E /* Products */ = {
			isa = PBXGroup;
			children = (
				04E8C5F829978BAC00B4001E /* BostaTask.app */,
			);
			name = Products;
			sourceTree = "<group>";
		};
		04E8C5FA29978BAC00B4001E /* BostaTask */ = {
			isa = PBXGroup;
			children = (
				04E8C5FB29978BAC00B4001E /* AppDelegate.swift */,
				04E8C5FD29978BAC00B4001E /* SceneDelegate.swift */,
				04E8C5FF29978BAC00B4001E /* ViewController.swift */,
				04E8C60129978BAC00B4001E /* Main.storyboard */,
				04E8C60429978BAD00B4001E /* Assets.xcassets */,
				04E8C60629978BAD00B4001E /* LaunchScreen.storyboard */,
				04E8C60929978BAD00B4001E /* Info.plist */,
			);
			path = BostaTask;
			sourceTree = "<group>";
		};
/* End PBXGroup section */

/* Begin PBXNativeTarget section */
		04E8C5F729978BAC00B4001E /* BostaTask */ = {
			isa = PBXNativeTarget;
			buildConfigurationList = 04E8C60C29978BAD00B4001E /* Build configuration list for PBXNativeTarget "BostaTask" */;
			buildPhases = (
				04E8C5F429978BAC00B4001E /* Sources */,
				04E8C5F529978BAC00B4001E /* Frameworks */,
				04E8C5F629978BAC00B4001E /* Resources */,
			);
			buildRules = (
			);
			dependencies = (
			);
			name = BostaTask;
			packageProductDependencies = (
				04E8C61029978C0200B4001E /* RxCocoa */,
				04E8C61229978C0200B4001E /* RxRelay */,
				04E8C61429978C0200B4001E /* RxSwift */,
				04E8C61729978D1C00B4001E /* Moya */,
				04E8C61929978D1C00B4001E /* ReactiveMoya */,
				04E8C61B29978D1C00B4001E /* RxMoya */,
			);
			productName = BostaTask;
			productReference = 04E8C5F829978BAC00B4001E /* BostaTask.app */;
			productType = "com.apple.product-type.application";
		};
/* End PBXNativeTarget section */

/* Begin PBXProject section */
		04E8C5F029978BAC00B4001E /* Project object */ = {
			isa = PBXProject;
			attributes = {
				BuildIndependentTargetsInParallel = 1;
				LastSwiftUpdateCheck = 1420;
				LastUpgradeCheck = 1420;
				TargetAttributes = {
					04E8C5F729978BAC00B4001E = {
						CreatedOnToolsVersion = 14.2;
					};
				};
			};
			buildConfigurationList = 04E8C5F329978BAC00B4001E /* Build configuration list for PBXProject "BostaTask" */;
			compatibilityVersion = "Xcode 14.0";
			developmentRegion = en;
			hasScannedForEncodings = 0;
			knownRegions = (
				en,
				Base,
			);
			mainGroup = 04E8C5EF29978BAC00B4001E;
			packageReferences = (
				04E8C60F29978C0200B4001E /* XCRemoteSwiftPackageReference "RxSwift" */,
				04E8C61629978D1C00B4001E /* XCRemoteSwiftPackageReference "Moya" */,
			);
			productRefGroup = 04E8C5F929978BAC00B4001E /* Products */;
			projectDirPath = "";
			projectRoot = "";
			targets = (
				04E8C5F729978BAC00B4001E /* BostaTask */,
			);
		};
/* End PBXProject section */

/* Begin PBXResourcesBuildPhase section */
		04E8C5F629978BAC00B4001E /* Resources */ = {
			isa = PBXResourcesBuildPhase;
			buildActionMask = 2147483647;
			files = (
				04E8C60829978BAD00B4001E /* LaunchScreen.storyboard in Resources */,
				04E8C60529978BAD00B4001E /* Assets.xcassets in Resources */,
				04E8C60329978BAC00B4001E /* Main.storyboard in Resources */,
			);
			runOnlyForDeploymentPostprocessing = 0;
		};
/* End PBXResourcesBuildPhase section */

/* Begin PBXSourcesBuildPhase section */
		04E8C5F429978BAC00B4001E /* Sources */ = {
			isa = PBXSourcesBuildPhase;
			buildActionMask = 2147483647;
			files = (
				04E8C60029978BAC00B4001E /* ViewController.swift in Sources */,
				04E8C5FC29978BAC00B4001E /* AppDelegate.swift in Sources */,
				04E8C5FE29978BAC00B4001E /* SceneDelegate.swift in Sources */,
			);
			runOnlyForDeploymentPostprocessing = 0;
		};
/* End PBXSourcesBuildPhase section */

/* Begin PBXVariantGroup section */
		04E8C60129978BAC00B4001E /* Main.storyboard */ = {
			isa = PBXVariantGroup;
			children = (
				04E8C60229978BAC00B4001E /* Base */,
			);
			name = Main.storyboard;
			sourceTree = "<group>";
		};
		04E8C60629978BAD00B4001E /* LaunchScreen.storyboard */ = {
			isa = PBXVariantGroup;
			children = (
				04E8C60729978BAD00B4001E /* Base */,
			);
			name = LaunchScreen.storyboard;
			sourceTree = "<group>";
		};
/* End PBXVariantGroup section */

/* Begin XCBuildConfiguration section */
		04E8C60A29978BAD00B4001E /* Debug */ = {
			isa = XCBuildConfiguration;
			buildSettings = {
				ALWAYS_SEARCH_USER_PATHS = NO;
				CLANG_ANALYZER_NONNULL = YES;
				CLANG_ANALYZER_NUMBER_OBJECT_CONVERSION = YES_AGGRESSIVE;
				CLANG_CXX_LANGUAGE_STANDARD = "gnu++20";
				CLANG_ENABLE_MODULES = YES;
				CLANG_ENABLE_OBJC_ARC = YES;
				CLANG_ENABLE_OBJC_WEAK = YES;
				CLANG_WARN_BLOCK_CAPTURE_AUTORELEASING = YES;
				CLANG_WARN_BOOL_CONVERSION = YES;
				CLANG_WARN_COMMA = YES;
				CLANG_WARN_CONSTANT_CONVERSION = YES;
				CLANG_WARN_DEPRECATED_OBJC_IMPLEMENTATIONS = YES;
				CLANG_WARN_DIRECT_OBJC_ISA_USAGE = YES_ERROR;
				CLANG_WARN_DOCUMENTATION_COMMENTS = YES;
				CLANG_WARN_EMPTY_BODY = YES;
				CLANG_WARN_ENUM_CONVERSION = YES;
				CLANG_WARN_INFINITE_RECURSION = YES;
				CLANG_WARN_INT_CONVERSION = YES;
				CLANG_WARN_NON_LITERAL_NULL_CONVERSION = YES;
				CLANG_WARN_OBJC_IMPLICIT_RETAIN_SELF = YES;
				CLANG_WARN_OBJC_LITERAL_CONVERSION = YES;
				CLANG_WARN_OBJC_ROOT_CLASS = YES_ERROR;
				CLANG_WARN_QUOTED_INCLUDE_IN_FRAMEWORK_HEADER = YES;
				CLANG_WARN_RANGE_LOOP_ANALYSIS = YES;
				CLANG_WARN_STRICT_PROTOTYPES = YES;
				CLANG_WARN_SUSPICIOUS_MOVE = YES;
				CLANG_WARN_UNGUARDED_AVAILABILITY = YES_AGGRESSIVE;
				CLANG_WARN_UNREACHABLE_CODE = YES;
				CLANG_WARN__DUPLICATE_METHOD_MATCH = YES;
				COPY_PHASE_STRIP = NO;
				DEBUG_INFORMATION_FORMAT = dwarf;
				ENABLE_STRICT_OBJC_MSGSEND = YES;
				ENABLE_TESTABILITY = YES;
				GCC_C_LANGUAGE_STANDARD = gnu11;
				GCC_DYNAMIC_NO_PIC = NO;
				GCC_NO_COMMON_BLOCKS = YES;
				GCC_OPTIMIZATION_LEVEL = 0;
				GCC_PREPROCESSOR_DEFINITIONS = (
					"DEBUG=1",
					"$(inherited)",
				);
				GCC_WARN_64_TO_32_BIT_CONVERSION = YES;
				GCC_WARN_ABOUT_RETURN_TYPE = YES_ERROR;
				GCC_WARN_UNDECLARED_SELECTOR = YES;
				GCC_WARN_UNINITIALIZED_AUTOS = YES_AGGRESSIVE;
				GCC_WARN_UNUSED_FUNCTION = YES;
				GCC_WARN_UNUSED_VARIABLE = YES;
				IPHONEOS_DEPLOYMENT_TARGET = 13.5;
				MTL_ENABLE_DEBUG_INFO = INCLUDE_SOURCE;
				MTL_FAST_MATH = YES;
				ONLY_ACTIVE_ARCH = YES;
				SDKROOT = iphoneos;
				SWIFT_ACTIVE_COMPILATION_CONDITIONS = DEBUG;
				SWIFT_OPTIMIZATION_LEVEL = "-Onone";
			};
			name = Debug;
		};
		04E8C60B29978BAD00B4001E /* Release */ = {
			isa = XCBuildConfiguration;
			buildSettings = {
				ALWAYS_SEARCH_USER_PATHS = NO;
				CLANG_ANALYZER_NONNULL = YES;
				CLANG_ANALYZER_NUMBER_OBJECT_CONVERSION = YES_AGGRESSIVE;
				CLANG_CXX_LANGUAGE_STANDARD = "gnu++20";
				CLANG_ENABLE_MODULES = YES;
				CLANG_ENABLE_OBJC_ARC = YES;
				CLANG_ENABLE_OBJC_WEAK = YES;
				CLANG_WARN_BLOCK_CAPTURE_AUTORELEASING = YES;
				CLANG_WARN_BOOL_CONVERSION = YES;
				CLANG_WARN_COMMA = YES;
				CLANG_WARN_CONSTANT_CONVERSION = YES;
				CLANG_WARN_DEPRECATED_OBJC_IMPLEMENTATIONS = YES;
				CLANG_WARN_DIRECT_OBJC_ISA_USAGE = YES_ERROR;
				CLANG_WARN_DOCUMENTATION_COMMENTS = YES;
				CLANG_WARN_EMPTY_BODY = YES;
				CLANG_WARN_ENUM_CONVERSION = YES;
				CLANG_WARN_INFINITE_RECURSION = YES;
				CLANG_WARN_INT_CONVERSION = YES;
				CLANG_WARN_NON_LITERAL_NULL_CONVERSION = YES;
				CLANG_WARN_OBJC_IMPLICIT_RETAIN_SELF = YES;
				CLANG_WARN_OBJC_LITERAL_CONVERSION = YES;
				CLANG_WARN_OBJC_ROOT_CLASS = YES_ERROR;
				CLANG_WARN_QUOTED_INCLUDE_IN_FRAMEWORK_HEADER = YES;
				CLANG_WARN_RANGE_LOOP_ANALYSIS = YES;
				CLANG_WARN_STRICT_PROTOTYPES = YES;
				CLANG_WARN_SUSPICIOUS_MOVE = YES;
				CLANG_WARN_UNGUARDED_AVAILABILITY = YES_AGGRESSIVE;
				CLANG_WARN_UNREACHABLE_CODE = YES;
				CLANG_WARN__DUPLICATE_METHOD_MATCH = YES;
				COPY_PHASE_STRIP = NO;
				DEBUG_INFORMATION_FORMAT = "dwarf-with-dsym";
				ENABLE_NS_ASSERTIONS = NO;
				ENABLE_STRICT_OBJC_MSGSEND = YES;
				GCC_C_LANGUAGE_STANDARD = gnu11;
				GCC_NO_COMMON_BLOCKS = YES;
				GCC_WARN_64_TO_32_BIT_CONVERSION = YES;
				GCC_WARN_ABOUT_RETURN_TYPE = YES_ERROR;
				GCC_WARN_UNDECLARED_SELECTOR = YES;
				GCC_WARN_UNINITIALIZED_AUTOS = YES_AGGRESSIVE;
				GCC_WARN_UNUSED_FUNCTION = YES;
				GCC_WARN_UNUSED_VARIABLE = YES;
				IPHONEOS_DEPLOYMENT_TARGET = 13.5;
				MTL_ENABLE_DEBUG_INFO = NO;
				MTL_FAST_MATH = YES;
				SDKROOT = iphoneos;
				SWIFT_COMPILATION_MODE = wholemodule;
				SWIFT_OPTIMIZATION_LEVEL = "-O";
				VALIDATE_PRODUCT = YES;
			};
			name = Release;
		};
		04E8C60D29978BAD00B4001E /* Debug */ = {
			isa = XCBuildConfiguration;
			buildSettings = {
				ASSETCATALOG_COMPILER_APPICON_NAME = AppIcon;
				ASSETCATALOG_COMPILER_GLOBAL_ACCENT_COLOR_NAME = AccentColor;
				CODE_SIGN_STYLE = Automatic;
				CURRENT_PROJECT_VERSION = 1;
				DEVELOPMENT_TEAM = 6D34NZSGBN;
				GENERATE_INFOPLIST_FILE = YES;
				INFOPLIST_FILE = BostaTask/Info.plist;
				INFOPLIST_KEY_UIApplicationSupportsIndirectInputEvents = YES;
				INFOPLIST_KEY_UILaunchStoryboardName = LaunchScreen;
				INFOPLIST_KEY_UIMainStoryboardFile = Main;
				INFOPLIST_KEY_UISupportedInterfaceOrientations_iPad = "UIInterfaceOrientationPortrait UIInterfaceOrientationPortraitUpsideDown UIInterfaceOrientationLandscapeLeft UIInterfaceOrientationLandscapeRight";
				INFOPLIST_KEY_UISupportedInterfaceOrientations_iPhone = "UIInterfaceOrientationPortrait UIInterfaceOrientationLandscapeLeft UIInterfaceOrientationLandscapeRight";
				LD_RUNPATH_SEARCH_PATHS = (
					"$(inherited)",
					"@executable_path/Frameworks",
				);
				MARKETING_VERSION = 1.0;
				PRODUCT_BUNDLE_IDENTIFIER = com.soha.BostaTask;
				PRODUCT_NAME = "$(TARGET_NAME)";
				SWIFT_EMIT_LOC_STRINGS = YES;
				SWIFT_VERSION = 5.0;
				TARGETED_DEVICE_FAMILY = "1,2";
			};
			name = Debug;
		};
		04E8C60E29978BAD00B4001E /* Release */ = {
			isa = XCBuildConfiguration;
			buildSettings = {
				ASSETCATALOG_COMPILER_APPICON_NAME = AppIcon;
				ASSETCATALOG_COMPILER_GLOBAL_ACCENT_COLOR_NAME = AccentColor;
				CODE_SIGN_STYLE = Automatic;
				CURRENT_PROJECT_VERSION = 1;
				DEVELOPMENT_TEAM = 6D34NZSGBN;
				GENERATE_INFOPLIST_FILE = YES;
				INFOPLIST_FILE = BostaTask/Info.plist;
				INFOPLIST_KEY_UIApplicationSupportsIndirectInputEvents = YES;
				INFOPLIST_KEY_UILaunchStoryboardName = LaunchScreen;
				INFOPLIST_KEY_UIMainStoryboardFile = Main;
				INFOPLIST_KEY_UISupportedInterfaceOrientations_iPad = "UIInterfaceOrientationPortrait UIInterfaceOrientationPortraitUpsideDown UIInterfaceOrientationLandscapeLeft UIInterfaceOrientationLandscapeRight";
				INFOPLIST_KEY_UISupportedInterfaceOrientations_iPhone = "UIInterfaceOrientationPortrait UIInterfaceOrientationLandscapeLeft UIInterfaceOrientationLandscapeRight";
				LD_RUNPATH_SEARCH_PATHS = (
					"$(inherited)",
					"@executable_path/Frameworks",
				);
				MARKETING_VERSION = 1.0;
				PRODUCT_BUNDLE_IDENTIFIER = com.soha.BostaTask;
				PRODUCT_NAME = "$(TARGET_NAME)";
				SWIFT_EMIT_LOC_STRINGS = YES;
				SWIFT_VERSION = 5.0;
				TARGETED_DEVICE_FAMILY = "1,2";
			};
			name = Release;
		};
/* End XCBuildConfiguration section */

/* Begin XCConfigurationList section */
		04E8C5F329978BAC00B4001E /* Build configuration list for PBXProject "BostaTask" */ = {
			isa = XCConfigurationList;
			buildConfigurations = (
				04E8C60A29978BAD00B4001E /* Debug */,
				04E8C60B29978BAD00B4001E /* Release */,
			);
			defaultConfigurationIsVisible = 0;
			defaultConfigurationName = Release;
		};
		04E8C60C29978BAD00B4001E /* Build configuration list for PBXNativeTarget "BostaTask" */ = {
			isa = XCConfigurationList;
			buildConfigurations = (
				04E8C60D29978BAD00B4001E /* Debug */,
				04E8C60E29978BAD00B4001E /* Release */,
			);
			defaultConfigurationIsVisible = 0;
			defaultConfigurationName = Release;
		};
/* End XCConfigurationList section */

/* Begin XCRemoteSwiftPackageReference section */
		04E8C60F29978C0200B4001E /* XCRemoteSwiftPackageReference "RxSwift" */ = {
			isa = XCRemoteSwiftPackageReference;
			repositoryURL = "https://github.com/ReactiveX/RxSwift.git";
			requirement = {
				branch = main;
				kind = branch;
			};
		};
		04E8C61629978D1C00B4001E /* XCRemoteSwiftPackageReference "Moya" */ = {
			isa = XCRemoteSwiftPackageReference;
			repositoryURL = "https://github.com/Moya/Moya.git";
			requirement = {
				branch = master;
				kind = branch;
			};
		};
/* End XCRemoteSwiftPackageReference section */

/* Begin XCSwiftPackageProductDependency section */
		04E8C61029978C0200B4001E /* RxCocoa */ = {
			isa = XCSwiftPackageProductDependency;
			package = 04E8C60F29978C0200B4001E /* XCRemoteSwiftPackageReference "RxSwift" */;
			productName = RxCocoa;
		};
		04E8C61229978C0200B4001E /* RxRelay */ = {
			isa = XCSwiftPackageProductDependency;
			package = 04E8C60F29978C0200B4001E /* XCRemoteSwiftPackageReference "RxSwift" */;
			productName = RxRelay;
		};
		04E8C61429978C0200B4001E /* RxSwift */ = {
			isa = XCSwiftPackageProductDependency;
			package = 04E8C60F29978C0200B4001E /* XCRemoteSwiftPackageReference "RxSwift" */;
			productName = RxSwift;
		};
		04E8C61729978D1C00B4001E /* Moya */ = {
			isa = XCSwiftPackageProductDependency;
			package = 04E8C61629978D1C00B4001E /* XCRemoteSwiftPackageReference "Moya" */;
			productName = Moya;
		};
		04E8C61929978D1C00B4001E /* ReactiveMoya */ = {
			isa = XCSwiftPackageProductDependency;
			package = 04E8C61629978D1C00B4001E /* XCRemoteSwiftPackageReference "Moya" */;
			productName = ReactiveMoya;
		};
		04E8C61B29978D1C00B4001E /* RxMoya */ = {
			isa = XCSwiftPackageProductDependency;
			package = 04E8C61629978D1C00B4001E /* XCRemoteSwiftPackageReference "Moya" */;
			productName = RxMoya;
		};
/* End XCSwiftPackageProductDependency section */
	};
	rootObject = 04E8C5F029978BAC00B4001E /* Project object */;
}
